{
  "name": "exalted-dice-roll",
  "lockfileVersion": 2,
  "requires": true,
  "packages": {
    "": {
      "dependencies": {
        "sass-em": "^2.0.0",
        "sass-rem": "^3.0.0"
      }
    },
    "node_modules/sass-em": {
      "version": "2.0.0",
      "resolved": "https://registry.npmjs.org/sass-em/-/sass-em-2.0.0.tgz",
      "integrity": "sha512-FWYVke3v/iyX3rnns++j+SyQCt/WkhTeVGQU3Z+U1vVIfeHOeA4NSekac7UvfYBQsS00I42Domuf2kb4wZ+vXA=="
    },
    "node_modules/sass-rem": {
      "version": "3.0.0",
      "resolved": "https://registry.npmjs.org/sass-rem/-/sass-rem-3.0.0.tgz",
      "integrity": "sha512-tgK/2ojS/z4OjlJT6J/Gc3TgN97W/4tTWuEdVXO1/P46L/Ud4iG3t+s007KTHP+BX9tqLgFPl3fgstUsva5rtg=="
    }
  },
  "dependencies": {
    "sass-em": {
      "version": "2.0.0",
      "resolved": "https://registry.npmjs.org/sass-em/-/sass-em-2.0.0.tgz",
      "integrity": "sha512-FWYVke3v/iyX3rnns++j+SyQCt/WkhTeVGQU3Z+U1vVIfeHOeA4NSekac7UvfYBQsS00I42Domuf2kb4wZ+vXA=="
    },
    "sass-rem": {
      "version": "3.0.0",
      "resolved": "https://registry.npmjs.org/sass-rem/-/sass-rem-3.0.0.tgz",
      "integrity": "sha512-tgK/2ojS/z4OjlJT6J/Gc3TgN97W/4tTWuEdVXO1/P46L/Ud4iG3t+s007KTHP+BX9tqLgFPl3fgstUsva5rtg=="
    }
  }
}
